github.com/ostreedev/ostree-go v0.0.0-20210805093236-719684c64e4f h1:/UDgs8FGMqwnHagNDPGOlts35QkhAZ8by3DR7nMih7M=
github.com/ostreedev/ostree-go v0.0.0-20210805093236-719684c64e4f/go.mod h1:J6OG6YJVEWopen4avK3VNQSnALmmjvniMmni/YFYAwc=
github.com/xi2/xz v0.0.0-20171230120015-48954b6210f8 h1:nIPpBwaJSVYIxUFsDv3M8ofmx9yWTog9BfvIu0q41lo=
github.com/xi2/xz v0.0.0-20171230120015-48954b6210f8/go.mod h1:HUYIGzjTL3rfEspMxjDjgmT5uz5wzYJKVo23qUhYTos=
